
Microsoft Visual Studio Solution File, Format Version 12.00
# Visual Studio 15
VisualStudioVersion = 15.0.28307.271
MinimumVisualStudioVersion = 10.0.40219.1
Project("{9A19103F-16F7-4668-BE54-9A1E7A4F7556}") = "DutchTreat", "DutchTreat.csproj", "{89D3DA5E-8341-48B6-A0A2-3771C494184A}"
EndProject
Global
	GlobalSection(SolutionConfigurationPlatforms) = preSolution
		Debug|Any CPU = Debug|Any CPU
		Release|Any CPU = Release|Any CPU
	EndGlobalSection
	GlobalSection(ProjectConfigurationPlatforms) = postSolution
		{89D3DA5E-8341-48B6-A0A2-3771C494184A}.Debug|Any CPU.ActiveCfg = Debug|Any CPU
		{89D3DA5E-8341-48B6-A0A2-3771C494184A}.Debug|Any CPU.Build.0 = Debug|Any CPU
		{89D3DA5E-8341-48B6-A0A2-3771C494184A}.Release|Any CPU.ActiveCfg = Release|Any CPU
		{89D3DA5E-8341-48B6-A0A2-3771C494184A}.Release|Any CPU.Build.0 = Release|Any CPU
	EndGlobalSection
	GlobalSection(SolutionProperties) = preSolution
		HideSolutionNode = FALSE
	EndGlobalSection
	GlobalSection(ExtensibilityGlobals) = postSolution
		SolutionGuid = {40455861-4D22-4189-A400-23FA0C226079}
	EndGlobalSection
EndGlobal
